
Microsoft Visual Studio Solution File, Format Version 12.00
# Visual Studio Version 17
VisualStudioVersion = 17.14.36301.6 d17.14
MinimumVisualStudioVersion = 10.0.40219.1
Project("{FAE04EC0-301F-11D3-BF4B-00C04F79EFBC}") = "SkillTrack", "SkillTrack\SkillTrack.csproj", "{EC4F3F26-27A7-477F-BFFB-8F2D6E741B39}"
EndProject
Global
	GlobalSection(SolutionConfigurationPlatforms) = preSolution
		Debug|Any CPU = Debug|Any CPU
		Release|Any CPU = Release|Any CPU
	EndGlobalSection
	GlobalSection(ProjectConfigurationPlatforms) = postSolution
		{EC4F3F26-27A7-477F-BFFB-8F2D6E741B39}.Debug|Any CPU.ActiveCfg = Debug|Any CPU
		{EC4F3F26-27A7-477F-BFFB-8F2D6E741B39}.Debug|Any CPU.Build.0 = Debug|Any CPU
		{EC4F3F26-27A7-477F-BFFB-8F2D6E741B39}.Release|Any CPU.ActiveCfg = Release|Any CPU
		{EC4F3F26-27A7-477F-BFFB-8F2D6E741B39}.Release|Any CPU.Build.0 = Release|Any CPU
	EndGlobalSection
	GlobalSection(SolutionProperties) = preSolution
		HideSolutionNode = FALSE
	EndGlobalSection
	GlobalSection(ExtensibilityGlobals) = postSolution
		SolutionGuid = {0D09131A-1408-4407-B744-20125DEC4BE7}
	EndGlobalSection
EndGlobal
